// !$*UTF8*$!
{
	archiveVersion = 1;
	classes = {
	};
	objectVersion = 46;
	objects = {

/* Begin PBXBuildFile section */
		427EFF30E480621D0448E139 /* Pods_moza_readyTests.framework in Frameworks */ = {isa = PBXBuildFile; fileRef = 78767F772DF61E4A799D9984 /* Pods_moza_readyTests.framework */; };
		4D19F5E983FFBE9A1A13F3B0 /* Pods_moza_ready.framework in Frameworks */ = {isa = PBXBuildFile; fileRef = AE2A1CDE3B3F77D18BA83024 /* Pods_moza_ready.framework */; };
		CD383BCFBECC86702069F94F /* Pods_moza_readyUITests.framework in Frameworks */ = {isa = PBXBuildFile; fileRef = 95842B951EF341BA8C33D3A7 /* Pods_moza_readyUITests.framework */; };
		D1A73B5D1F04AD6700F3E753 /* AppDelegate.swift in Sources */ = {isa = PBXBuildFile; fileRef = D1A73B5C1F04AD6700F3E753 /* AppDelegate.swift */; };
		D1A73B5F1F04AD6700F3E753 /* SignInVC.swift in Sources */ = {isa = PBXBuildFile; fileRef = D1A73B5E1F04AD6700F3E753 /* SignInVC.swift */; };
		D1A73B621F04AD6700F3E753 /* Main.storyboard in Resources */ = {isa = PBXBuildFile; fileRef = D1A73B601F04AD6700F3E753 /* Main.storyboard */; };
		D1A73B641F04AD6700F3E753 /* Assets.xcassets in Resources */ = {isa = PBXBuildFile; fileRef = D1A73B631F04AD6700F3E753 /* Assets.xcassets */; };
		D1A73B671F04AD6700F3E753 /* LaunchScreen.storyboard in Resources */ = {isa = PBXBuildFile; fileRef = D1A73B651F04AD6700F3E753 /* LaunchScreen.storyboard */; };
		D1A73B721F04AD6700F3E753 /* moza_readyTests.swift in Sources */ = {isa = PBXBuildFile; fileRef = D1A73B711F04AD6700F3E753 /* moza_readyTests.swift */; };
		D1A73B7D1F04AD6700F3E753 /* moza_readyUITests.swift in Sources */ = {isa = PBXBuildFile; fileRef = D1A73B7C1F04AD6700F3E753 /* moza_readyUITests.swift */; };
		D1A73B8B1F04B11C00F3E753 /* GoogleService-Info.plist in Resources */ = {isa = PBXBuildFile; fileRef = D1A73B8A1F04B11C00F3E753 /* GoogleService-Info.plist */; };
		D1A73B901F04C39D00F3E753 /* FancyView.swift in Sources */ = {isa = PBXBuildFile; fileRef = D1A73B8F1F04C39D00F3E753 /* FancyView.swift */; };
		D1A73B931F04C42900F3E753 /* Constants.swift in Sources */ = {isa = PBXBuildFile; fileRef = D1A73B921F04C42900F3E753 /* Constants.swift */; };
		D1A73B951F04C63500F3E753 /* RoundButton.swift in Sources */ = {isa = PBXBuildFile; fileRef = D1A73B941F04C63500F3E753 /* RoundButton.swift */; };
		D1A73B971F04C81D00F3E753 /* FancyField.swift in Sources */ = {isa = PBXBuildFile; fileRef = D1A73B961F04C81D00F3E753 /* FancyField.swift */; };
		D1A73B991F04C94A00F3E753 /* FancyButotn.swift in Sources */ = {isa = PBXBuildFile; fileRef = D1A73B981F04C94A00F3E753 /* FancyButotn.swift */; };
		D1A73B9C1F04CC0200F3E753 /* FBSDKLoginKit.framework in Frameworks */ = {isa = PBXBuildFile; fileRef = D1A73B9B1F04CC0200F3E753 /* FBSDKLoginKit.framework */; settings = {ATTRIBUTES = (Required, ); }; };
		D1E650101F155A57000326EC /* FeedVC.swift in Sources */ = {isa = PBXBuildFile; fileRef = D1E6500F1F155A57000326EC /* FeedVC.swift */; };
		D1E650121F16C877000326EC /* CircleView.swift in Sources */ = {isa = PBXBuildFile; fileRef = D1E650111F16C877000326EC /* CircleView.swift */; };
		D1E650141F1D66EB000326EC /* PostCell.swift in Sources */ = {isa = PBXBuildFile; fileRef = D1E650131F1D66EB000326EC /* PostCell.swift */; };
		D1E650171F1EF4CA000326EC /* DataService.swift in Sources */ = {isa = PBXBuildFile; fileRef = D1E650161F1EF4CA000326EC /* DataService.swift */; };
		D1E650191F1F9A9D000326EC /* Post.swift in Sources */ = {isa = PBXBuildFile; fileRef = D1E650181F1F9A9D000326EC /* Post.swift */; };
/* End PBXBuildFile section */

/* Begin PBXContainerItemProxy section */
		D1A73B6E1F04AD6700F3E753 /* PBXContainerItemProxy */ = {
			isa = PBXContainerItemProxy;
			containerPortal = D1A73B511F04AD6700F3E753 /* Project object */;
			proxyType = 1;
			remoteGlobalIDString = D1A73B581F04AD6700F3E753;
			remoteInfo = "moza-ready";
		};
		D1A73B791F04AD6700F3E753 /* PBXContainerItemProxy */ = {
			isa = PBXContainerItemProxy;
			containerPortal = D1A73B511F04AD6700F3E753 /* Project object */;
			proxyType = 1;
			remoteGlobalIDString = D1A73B581F04AD6700F3E753;
			remoteInfo = "moza-ready";
		};
/* End PBXContainerItemProxy section */

/* Begin PBXFileReference section */
		5C3F1992421FA04F585366A7 /* Pods-moza-readyUITests.release.xcconfig */ = {isa = PBXFileReference; includeInIndex = 1; lastKnownFileType = text.xcconfig; name = "Pods-moza-readyUITests.release.xcconfig"; path = "Pods/Target Support Files/Pods-moza-readyUITests/Pods-moza-readyUITests.release.xcconfig"; sourceTree = "<group>"; };
		7594CD02AC0AB4E0A43DDFA3 /* Pods-moza-ready.release.xcconfig */ = {isa = PBXFileReference; includeInIndex = 1; lastKnownFileType = text.xcconfig; name = "Pods-moza-ready.release.xcconfig"; path = "Pods/Target Support Files/Pods-moza-ready/Pods-moza-ready.release.xcconfig"; sourceTree = "<group>"; };
		78767F772DF61E4A799D9984 /* Pods_moza_readyTests.framework */ = {isa = PBXFileReference; explicitFileType = wrapper.framework; includeInIndex = 0; path = Pods_moza_readyTests.framework; sourceTree = BUILT_PRODUCTS_DIR; };
		88019248CB1E1FA21719EABD /* Pods-moza-ready.debug.xcconfig */ = {isa = PBXFileReference; includeInIndex = 1; lastKnownFileType = text.xcconfig; name = "Pods-moza-ready.debug.xcconfig"; path = "Pods/Target Support Files/Pods-moza-ready/Pods-moza-ready.debug.xcconfig"; sourceTree = "<group>"; };
		94F7F0B5491D8340DACF6FAB /* Pods-moza-readyTests.debug.xcconfig */ = {isa = PBXFileReference; includeInIndex = 1; lastKnownFileType = text.xcconfig; name = "Pods-moza-readyTests.debug.xcconfig"; path = "Pods/Target Support Files/Pods-moza-readyTests/Pods-moza-readyTests.debug.xcconfig"; sourceTree = "<group>"; };
		95842B951EF341BA8C33D3A7 /* Pods_moza_readyUITests.framework */ = {isa = PBXFileReference; explicitFileType = wrapper.framework; includeInIndex = 0; path = Pods_moza_readyUITests.framework; sourceTree = BUILT_PRODUCTS_DIR; };
		AE2A1CDE3B3F77D18BA83024 /* Pods_moza_ready.framework */ = {isa = PBXFileReference; explicitFileType = wrapper.framework; includeInIndex = 0; path = Pods_moza_ready.framework; sourceTree = BUILT_PRODUCTS_DIR; };
		CA5C3AF744AEA614D9974429 /* Pods-moza-readyUITests.debug.xcconfig */ = {isa = PBXFileReference; includeInIndex = 1; lastKnownFileType = text.xcconfig; name = "Pods-moza-readyUITests.debug.xcconfig"; path = "Pods/Target Support Files/Pods-moza-readyUITests/Pods-moza-readyUITests.debug.xcconfig"; sourceTree = "<group>"; };
		D1A73B591F04AD6700F3E753 /* moza-ready.app */ = {isa = PBXFileReference; explicitFileType = wrapper.application; includeInIndex = 0; path = "moza-ready.app"; sourceTree = BUILT_PRODUCTS_DIR; };
		D1A73B5C1F04AD6700F3E753 /* AppDelegate.swift */ = {isa = PBXFileReference; lastKnownFileType = sourcecode.swift; path = AppDelegate.swift; sourceTree = "<group>"; };
		D1A73B5E1F04AD6700F3E753 /* SignInVC.swift */ = {isa = PBXFileReference; lastKnownFileType = sourcecode.swift; path = SignInVC.swift; sourceTree = "<group>"; };
		D1A73B611F04AD6700F3E753 /* Base */ = {isa = PBXFileReference; lastKnownFileType = file.storyboard; name = Base; path = Base.lproj/Main.storyboard; sourceTree = "<group>"; };
		D1A73B631F04AD6700F3E753 /* Assets.xcassets */ = {isa = PBXFileReference; lastKnownFileType = folder.assetcatalog; path = Assets.xcassets; sourceTree = "<group>"; };
		D1A73B661F04AD6700F3E753 /* Base */ = {isa = PBXFileReference; lastKnownFileType = file.storyboard; name = Base; path = Base.lproj/LaunchScreen.storyboard; sourceTree = "<group>"; };
		D1A73B681F04AD6700F3E753 /* Info.plist */ = {isa = PBXFileReference; lastKnownFileType = text.plist.xml; path = Info.plist; sourceTree = "<group>"; };
		D1A73B6D1F04AD6700F3E753 /* moza-readyTests.xctest */ = {isa = PBXFileReference; explicitFileType = wrapper.cfbundle; includeInIndex = 0; path = "moza-readyTests.xctest"; sourceTree = BUILT_PRODUCTS_DIR; };
		D1A73B711F04AD6700F3E753 /* moza_readyTests.swift */ = {isa = PBXFileReference; lastKnownFileType = sourcecode.swift; path = moza_readyTests.swift; sourceTree = "<group>"; };
		D1A73B731F04AD6700F3E753 /* Info.plist */ = {isa = PBXFileReference; lastKnownFileType = text.plist.xml; path = Info.plist; sourceTree = "<group>"; };
		D1A73B781F04AD6700F3E753 /* moza-readyUITests.xctest */ = {isa = PBXFileReference; explicitFileType = wrapper.cfbundle; includeInIndex = 0; path = "moza-readyUITests.xctest"; sourceTree = BUILT_PRODUCTS_DIR; };
		D1A73B7C1F04AD6700F3E753 /* moza_readyUITests.swift */ = {isa = PBXFileReference; lastKnownFileType = sourcecode.swift; path = moza_readyUITests.swift; sourceTree = "<group>"; };
		D1A73B7E1F04AD6700F3E753 /* Info.plist */ = {isa = PBXFileReference; lastKnownFileType = text.plist.xml; path = Info.plist; sourceTree = "<group>"; };
		D1A73B8A1F04B11C00F3E753 /* GoogleService-Info.plist */ = {isa = PBXFileReference; fileEncoding = 4; lastKnownFileType = text.plist.xml; name = "GoogleService-Info.plist"; path = "../../../../../Downloads/GoogleService-Info.plist"; sourceTree = "<group>"; };
		D1A73B8F1F04C39D00F3E753 /* FancyView.swift */ = {isa = PBXFileReference; fileEncoding = 4; lastKnownFileType = sourcecode.swift; path = FancyView.swift; sourceTree = "<group>"; };
		D1A73B921F04C42900F3E753 /* Constants.swift */ = {isa = PBXFileReference; fileEncoding = 4; lastKnownFileType = sourcecode.swift; path = Constants.swift; sourceTree = "<group>"; };
		D1A73B941F04C63500F3E753 /* RoundButton.swift */ = {isa = PBXFileReference; fileEncoding = 4; lastKnownFileType = sourcecode.swift; path = RoundButton.swift; sourceTree = "<group>"; };
		D1A73B961F04C81D00F3E753 /* FancyField.swift */ = {isa = PBXFileReference; fileEncoding = 4; lastKnownFileType = sourcecode.swift; path = FancyField.swift; sourceTree = "<group>"; };
		D1A73B981F04C94A00F3E753 /* FancyButotn.swift */ = {isa = PBXFileReference; fileEncoding = 4; lastKnownFileType = sourcecode.swift; path = FancyButotn.swift; sourceTree = "<group>"; };
		D1A73B9B1F04CC0200F3E753 /* FBSDKLoginKit.framework */ = {isa = PBXFileReference; lastKnownFileType = wrapper.framework; name = FBSDKLoginKit.framework; path = "../../../../../Downloads/FacebookSDKs-iOS-4.24.0/FBSDKLoginKit.framework"; sourceTree = "<group>"; };
		D1E6500F1F155A57000326EC /* FeedVC.swift */ = {isa = PBXFileReference; fileEncoding = 4; lastKnownFileType = sourcecode.swift; path = FeedVC.swift; sourceTree = "<group>"; };
		D1E650111F16C877000326EC /* CircleView.swift */ = {isa = PBXFileReference; fileEncoding = 4; lastKnownFileType = sourcecode.swift; path = CircleView.swift; sourceTree = "<group>"; };
		D1E650131F1D66EB000326EC /* PostCell.swift */ = {isa = PBXFileReference; fileEncoding = 4; lastKnownFileType = sourcecode.swift; path = PostCell.swift; sourceTree = "<group>"; };
		D1E650161F1EF4CA000326EC /* DataService.swift */ = {isa = PBXFileReference; fileEncoding = 4; lastKnownFileType = sourcecode.swift; path = DataService.swift; sourceTree = "<group>"; };
		D1E650181F1F9A9D000326EC /* Post.swift */ = {isa = PBXFileReference; fileEncoding = 4; lastKnownFileType = sourcecode.swift; path = Post.swift; sourceTree = "<group>"; };
		DA0881498EACED107704E932 /* Pods-moza-readyTests.release.xcconfig */ = {isa = PBXFileReference; includeInIndex = 1; lastKnownFileType = text.xcconfig; name = "Pods-moza-readyTests.release.xcconfig"; path = "Pods/Target Support Files/Pods-moza-readyTests/Pods-moza-readyTests.release.xcconfig"; sourceTree = "<group>"; };
/* End PBXFileReference section */

/* Begin PBXFrameworksBuildPhase section */
		D1A73B561F04AD6700F3E753 /* Frameworks */ = {
			isa = PBXFrameworksBuildPhase;
			buildActionMask = 2147483647;
			files = (
				D1A73B9C1F04CC0200F3E753 /* FBSDKLoginKit.framework in Frameworks */,
				4D19F5E983FFBE9A1A13F3B0 /* Pods_moza_ready.framework in Frameworks */,
			);
			runOnlyForDeploymentPostprocessing = 0;
		};
		D1A73B6A1F04AD6700F3E753 /* Frameworks */ = {
			isa = PBXFrameworksBuildPhase;
			buildActionMask = 2147483647;
			files = (
				427EFF30E480621D0448E139 /* Pods_moza_readyTests.framework in Frameworks */,
			);
			runOnlyForDeploymentPostprocessing = 0;
		};
		D1A73B751F04AD6700F3E753 /* Frameworks */ = {
			isa = PBXFrameworksBuildPhase;
			buildActionMask = 2147483647;
			files = (
				CD383BCFBECC86702069F94F /* Pods_moza_readyUITests.framework in Frameworks */,
			);
			runOnlyForDeploymentPostprocessing = 0;
		};
/* End PBXFrameworksBuildPhase section */

/* Begin PBXGroup section */
		B1E5F17D60E80833CB1D9CE7 /* Frameworks */ = {
			isa = PBXGroup;
			children = (
				AE2A1CDE3B3F77D18BA83024 /* Pods_moza_ready.framework */,
				78767F772DF61E4A799D9984 /* Pods_moza_readyTests.framework */,
				95842B951EF341BA8C33D3A7 /* Pods_moza_readyUITests.framework */,
			);
			name = Frameworks;
			sourceTree = "<group>";
		};
		D1A73B501F04AD6700F3E753 = {
			isa = PBXGroup;
			children = (
				D1A73B5B1F04AD6700F3E753 /* moza-ready */,
				D1A73B701F04AD6700F3E753 /* moza-readyTests */,
				D1A73B7B1F04AD6700F3E753 /* moza-readyUITests */,
				D1A73B5A1F04AD6700F3E753 /* Products */,
				F2F254BC12881ABF54A27F2F /* Pods */,
				B1E5F17D60E80833CB1D9CE7 /* Frameworks */,
			);
			sourceTree = "<group>";
		};
		D1A73B5A1F04AD6700F3E753 /* Products */ = {
			isa = PBXGroup;
			children = (
				D1A73B591F04AD6700F3E753 /* moza-ready.app */,
				D1A73B6D1F04AD6700F3E753 /* moza-readyTests.xctest */,
				D1A73B781F04AD6700F3E753 /* moza-readyUITests.xctest */,
			);
			name = Products;
			sourceTree = "<group>";
		};
		D1A73B5B1F04AD6700F3E753 /* moza-ready */ = {
			isa = PBXGroup;
			children = (
				D1E650151F1EF4A6000326EC /* Services */,
				D1A73B9A1F04CBDF00F3E753 /* Frameworks */,
				D1A73B911F04C41600F3E753 /* Uti */,
				D1A73B8E1F04B42200F3E753 /* Controller */,
				D1A73B8D1F04B41F00F3E753 /* View */,
				D1A73B8C1F04B41C00F3E753 /* Model */,
				D1A73B5C1F04AD6700F3E753 /* AppDelegate.swift */,
				D1A73B601F04AD6700F3E753 /* Main.storyboard */,
				D1A73B631F04AD6700F3E753 /* Assets.xcassets */,
				D1A73B651F04AD6700F3E753 /* LaunchScreen.storyboard */,
				D1A73B681F04AD6700F3E753 /* Info.plist */,
				D1A73B8A1F04B11C00F3E753 /* GoogleService-Info.plist */,
			);
			path = "moza-ready";
			sourceTree = "<group>";
		};
		D1A73B701F04AD6700F3E753 /* moza-readyTests */ = {
			isa = PBXGroup;
			children = (
				D1A73B711F04AD6700F3E753 /* moza_readyTests.swift */,
				D1A73B731F04AD6700F3E753 /* Info.plist */,
			);
			path = "moza-readyTests";
			sourceTree = "<group>";
		};
		D1A73B7B1F04AD6700F3E753 /* moza-readyUITests */ = {
			isa = PBXGroup;
			children = (
				D1A73B7C1F04AD6700F3E753 /* moza_readyUITests.swift */,
				D1A73B7E1F04AD6700F3E753 /* Info.plist */,
			);
			path = "moza-readyUITests";
			sourceTree = "<group>";
		};
		D1A73B8C1F04B41C00F3E753 /* Model */ = {
			isa = PBXGroup;
			children = (
				D1E650181F1F9A9D000326EC /* Post.swift */,
			);
			name = Model;
			sourceTree = "<group>";
		};
		D1A73B8D1F04B41F00F3E753 /* View */ = {
			isa = PBXGroup;
			children = (
				D1A73B8F1F04C39D00F3E753 /* FancyView.swift */,
				D1A73B941F04C63500F3E753 /* RoundButton.swift */,
				D1A73B961F04C81D00F3E753 /* FancyField.swift */,
				D1A73B981F04C94A00F3E753 /* FancyButotn.swift */,
				D1E650111F16C877000326EC /* CircleView.swift */,
				D1E650131F1D66EB000326EC /* PostCell.swift */,
			);
			name = View;
			sourceTree = "<group>";
		};
		D1A73B8E1F04B42200F3E753 /* Controller */ = {
			isa = PBXGroup;
			children = (
				D1A73B5E1F04AD6700F3E753 /* SignInVC.swift */,
				D1E6500F1F155A57000326EC /* FeedVC.swift */,
			);
			name = Controller;
			sourceTree = "<group>";
		};
		D1A73B911F04C41600F3E753 /* Uti */ = {
			isa = PBXGroup;
			children = (
				D1A73B921F04C42900F3E753 /* Constants.swift */,
			);
			name = Uti;
			sourceTree = "<group>";
		};
		D1A73B9A1F04CBDF00F3E753 /* Frameworks */ = {
			isa = PBXGroup;
			children = (
				D1A73B9B1F04CC0200F3E753 /* FBSDKLoginKit.framework */,
			);
			name = Frameworks;
			sourceTree = "<group>";
		};
		D1E650151F1EF4A6000326EC /* Services */ = {
			isa = PBXGroup;
			children = (
				D1E650161F1EF4CA000326EC /* DataService.swift */,
			);
			name = Services;
			sourceTree = "<group>";
		};
		F2F254BC12881ABF54A27F2F /* Pods */ = {
			isa = PBXGroup;
			children = (
				88019248CB1E1FA21719EABD /* Pods-moza-ready.debug.xcconfig */,
				7594CD02AC0AB4E0A43DDFA3 /* Pods-moza-ready.release.xcconfig */,
				94F7F0B5491D8340DACF6FAB /* Pods-moza-readyTests.debug.xcconfig */,
				DA0881498EACED107704E932 /* Pods-moza-readyTests.release.xcconfig */,
				CA5C3AF744AEA614D9974429 /* Pods-moza-readyUITests.debug.xcconfig */,
				5C3F1992421FA04F585366A7 /* Pods-moza-readyUITests.release.xcconfig */,
			);
			name = Pods;
			sourceTree = "<group>";
		};
/* End PBXGroup section */

/* Begin PBXNativeTarget section */
		D1A73B581F04AD6700F3E753 /* moza-ready */ = {
			isa = PBXNativeTarget;
			buildConfigurationList = D1A73B811F04AD6700F3E753 /* Build configuration list for PBXNativeTarget "moza-ready" */;
			buildPhases = (
				32F59B9781FD2FA45D01C721 /* [CP] Check Pods Manifest.lock */,
				D1A73B551F04AD6700F3E753 /* Sources */,
				D1A73B561F04AD6700F3E753 /* Frameworks */,
				D1A73B571F04AD6700F3E753 /* Resources */,
				2916FC0554DF1A169E4F1BD0 /* [CP] Embed Pods Frameworks */,
				DD4BB156B5A8BC32ECAAD781 /* [CP] Copy Pods Resources */,
			);
			buildRules = (
			);
			dependencies = (
			);
			name = "moza-ready";
			productName = "moza-ready";
			productReference = D1A73B591F04AD6700F3E753 /* moza-ready.app */;
			productType = "com.apple.product-type.application";
		};
		D1A73B6C1F04AD6700F3E753 /* moza-readyTests */ = {
			isa = PBXNativeTarget;
			buildConfigurationList = D1A73B841F04AD6700F3E753 /* Build configuration list for PBXNativeTarget "moza-readyTests" */;
			buildPhases = (
				FB87AD60751B0AEDB48F7DDE /* [CP] Check Pods Manifest.lock */,
				D1A73B691F04AD6700F3E753 /* Sources */,
				D1A73B6A1F04AD6700F3E753 /* Frameworks */,
				D1A73B6B1F04AD6700F3E753 /* Resources */,
				2A86B44326D90615D74FAFF4 /* [CP] Embed Pods Frameworks */,
				33E2B148D2D3BA83CBF08551 /* [CP] Copy Pods Resources */,
			);
			buildRules = (
			);
			dependencies = (
				D1A73B6F1F04AD6700F3E753 /* PBXTargetDependency */,
			);
			name = "moza-readyTests";
			productName = "moza-readyTests";
			productReference = D1A73B6D1F04AD6700F3E753 /* moza-readyTests.xctest */;
			productType = "com.apple.product-type.bundle.unit-test";
		};
		D1A73B771F04AD6700F3E753 /* moza-readyUITests */ = {
			isa = PBXNativeTarget;
			buildConfigurationList = D1A73B871F04AD6700F3E753 /* Build configuration list for PBXNativeTarget "moza-readyUITests" */;
			buildPhases = (
				4B9072410B4B66C6B35B864F /* [CP] Check Pods Manifest.lock */,
				D1A73B741F04AD6700F3E753 /* Sources */,
				D1A73B751F04AD6700F3E753 /* Frameworks */,
				D1A73B761F04AD6700F3E753 /* Resources */,
				5B6CB2287439238902657974 /* [CP] Embed Pods Frameworks */,
				A2E8CDBFA7F700D4151D8530 /* [CP] Copy Pods Resources */,
			);
			buildRules = (
			);
			dependencies = (
				D1A73B7A1F04AD6700F3E753 /* PBXTargetDependency */,
			);
			name = "moza-readyUITests";
			productName = "moza-readyUITests";
			productReference = D1A73B781F04AD6700F3E753 /* moza-readyUITests.xctest */;
			productType = "com.apple.product-type.bundle.ui-testing";
		};
/* End PBXNativeTarget section */

/* Begin PBXProject section */
		D1A73B511F04AD6700F3E753 /* Project object */ = {
			isa = PBXProject;
			attributes = {
				LastSwiftUpdateCheck = 0830;
				LastUpgradeCheck = 0830;
				ORGANIZATIONNAME = Moza;
				TargetAttributes = {
					D1A73B581F04AD6700F3E753 = {
						CreatedOnToolsVersion = 8.3.3;
						DevelopmentTeam = U5WWPD59YL;
						ProvisioningStyle = Automatic;
					};
					D1A73B6C1F04AD6700F3E753 = {
						CreatedOnToolsVersion = 8.3.3;
						DevelopmentTeam = U5WWPD59YL;
						ProvisioningStyle = Automatic;
						TestTargetID = D1A73B581F04AD6700F3E753;
					};
					D1A73B771F04AD6700F3E753 = {
						CreatedOnToolsVersion = 8.3.3;
						DevelopmentTeam = U5WWPD59YL;
						ProvisioningStyle = Automatic;
						TestTargetID = D1A73B581F04AD6700F3E753;
					};
				};
			};
			buildConfigurationList = D1A73B541F04AD6700F3E753 /* Build configuration list for PBXProject "moza-ready" */;
			compatibilityVersion = "Xcode 3.2";
			developmentRegion = English;
			hasScannedForEncodings = 0;
			knownRegions = (
				en,
				Base,
			);
			mainGroup = D1A73B501F04AD6700F3E753;
			productRefGroup = D1A73B5A1F04AD6700F3E753 /* Products */;
			projectDirPath = "";
			projectRoot = "";
			targets = (
				D1A73B581F04AD6700F3E753 /* moza-ready */,
				D1A73B6C1F04AD6700F3E753 /* moza-readyTests */,
				D1A73B771F04AD6700F3E753 /* moza-readyUITests */,
			);
		};
/* End PBXProject section */

/* Begin PBXResourcesBuildPhase section */
		D1A73B571F04AD6700F3E753 /* Resources */ = {
			isa = PBXResourcesBuildPhase;
			buildActionMask = 2147483647;
			files = (
				D1A73B671F04AD6700F3E753 /* LaunchScreen.storyboard in Resources */,
				D1A73B8B1F04B11C00F3E753 /* GoogleService-Info.plist in Resources */,
				D1A73B641F04AD6700F3E753 /* Assets.xcassets in Resources */,
				D1A73B621F04AD6700F3E753 /* Main.storyboard in Resources */,
			);
			runOnlyForDeploymentPostprocessing = 0;
		};
		D1A73B6B1F04AD6700F3E753 /* Resources */ = {
			isa = PBXResourcesBuildPhase;
			buildActionMask = 2147483647;
			files = (
			);
			runOnlyForDeploymentPostprocessing = 0;
		};
		D1A73B761F04AD6700F3E753 /* Resources */ = {
			isa = PBXResourcesBuildPhase;
			buildActionMask = 2147483647;
			files = (
			);
			runOnlyForDeploymentPostprocessing = 0;
		};
/* End PBXResourcesBuildPhase section */

/* Begin PBXShellScriptBuildPhase section */
		2916FC0554DF1A169E4F1BD0 /* [CP] Embed Pods Frameworks */ = {
			isa = PBXShellScriptBuildPhase;
			buildActionMask = 2147483647;
			files = (
			);
			inputPaths = (
			);
			name = "[CP] Embed Pods Frameworks";
			outputPaths = (
			);
			runOnlyForDeploymentPostprocessing = 0;
			shellPath = /bin/sh;
			shellScript = "\"${SRCROOT}/Pods/Target Support Files/Pods-moza-ready/Pods-moza-ready-frameworks.sh\"\n";
			showEnvVarsInLog = 0;
		};
		2A86B44326D90615D74FAFF4 /* [CP] Embed Pods Frameworks */ = {
			isa = PBXShellScriptBuildPhase;
			buildActionMask = 2147483647;
			files = (
			);
			inputPaths = (
			);
			name = "[CP] Embed Pods Frameworks";
			outputPaths = (
			);
			runOnlyForDeploymentPostprocessing = 0;
			shellPath = /bin/sh;
			shellScript = "\"${SRCROOT}/Pods/Target Support Files/Pods-moza-readyTests/Pods-moza-readyTests-frameworks.sh\"\n";
			showEnvVarsInLog = 0;
		};
		32F59B9781FD2FA45D01C721 /* [CP] Check Pods Manifest.lock */ = {
			isa = PBXShellScriptBuildPhase;
			buildActionMask = 2147483647;
			files = (
			);
			inputPaths = (
			);
			name = "[CP] Check Pods Manifest.lock";
			outputPaths = (
			);
			runOnlyForDeploymentPostprocessing = 0;
			shellPath = /bin/sh;
			shellScript = "diff \"${PODS_PODFILE_DIR_PATH}/Podfile.lock\" \"${PODS_ROOT}/Manifest.lock\" > /dev/null\nif [ $? != 0 ] ; then\n    # print error to STDERR\n    echo \"error: The sandbox is not in sync with the Podfile.lock. Run 'pod install' or update your CocoaPods installation.\" >&2\n    exit 1\nfi\n";
			showEnvVarsInLog = 0;
		};
		33E2B148D2D3BA83CBF08551 /* [CP] Copy Pods Resources */ = {
			isa = PBXShellScriptBuildPhase;
			buildActionMask = 2147483647;
			files = (
			);
			inputPaths = (
			);
			name = "[CP] Copy Pods Resources";
			outputPaths = (
			);
			runOnlyForDeploymentPostprocessing = 0;
			shellPath = /bin/sh;
			shellScript = "\"${SRCROOT}/Pods/Target Support Files/Pods-moza-readyTests/Pods-moza-readyTests-resources.sh\"\n";
			showEnvVarsInLog = 0;
		};
		4B9072410B4B66C6B35B864F /* [CP] Check Pods Manifest.lock */ = {
			isa = PBXShellScriptBuildPhase;
			buildActionMask = 2147483647;
			files = (
			);
			inputPaths = (
			);
			name = "[CP] Check Pods Manifest.lock";
			outputPaths = (
			);
			runOnlyForDeploymentPostprocessing = 0;
			shellPath = /bin/sh;
			shellScript = "diff \"${PODS_PODFILE_DIR_PATH}/Podfile.lock\" \"${PODS_ROOT}/Manifest.lock\" > /dev/null\nif [ $? != 0 ] ; then\n    # print error to STDERR\n    echo \"error: The sandbox is not in sync with the Podfile.lock. Run 'pod install' or update your CocoaPods installation.\" >&2\n    exit 1\nfi\n";
			showEnvVarsInLog = 0;
		};
		5B6CB2287439238902657974 /* [CP] Embed Pods Frameworks */ = {
			isa = PBXShellScriptBuildPhase;
			buildActionMask = 2147483647;
			files = (
			);
			inputPaths = (
			);
			name = "[CP] Embed Pods Frameworks";
			outputPaths = (
			);
			runOnlyForDeploymentPostprocessing = 0;
			shellPath = /bin/sh;
			shellScript = "\"${SRCROOT}/Pods/Target Support Files/Pods-moza-readyUITests/Pods-moza-readyUITests-frameworks.sh\"\n";
			showEnvVarsInLog = 0;
		};
		A2E8CDBFA7F700D4151D8530 /* [CP] Copy Pods Resources */ = {
			isa = PBXShellScriptBuildPhase;
			buildActionMask = 2147483647;
			files = (
			);
			inputPaths = (
			);
			name = "[CP] Copy Pods Resources";
			outputPaths = (
			);
			runOnlyForDeploymentPostprocessing = 0;
			shellPath = /bin/sh;
			shellScript = "\"${SRCROOT}/Pods/Target Support Files/Pods-moza-readyUITests/Pods-moza-readyUITests-resources.sh\"\n";
			showEnvVarsInLog = 0;
		};
		DD4BB156B5A8BC32ECAAD781 /* [CP] Copy Pods Resources */ = {
			isa = PBXShellScriptBuildPhase;
			buildActionMask = 2147483647;
			files = (
			);
			inputPaths = (
			);
			name = "[CP] Copy Pods Resources";
			outputPaths = (
			);
			runOnlyForDeploymentPostprocessing = 0;
			shellPath = /bin/sh;
			shellScript = "\"${SRCROOT}/Pods/Target Support Files/Pods-moza-ready/Pods-moza-ready-resources.sh\"\n";
			showEnvVarsInLog = 0;
		};
		FB87AD60751B0AEDB48F7DDE /* [CP] Check Pods Manifest.lock */ = {
			isa = PBXShellScriptBuildPhase;
			buildActionMask = 2147483647;
			files = (
			);
			inputPaths = (
			);
			name = "[CP] Check Pods Manifest.lock";
			outputPaths = (
			);
			runOnlyForDeploymentPostprocessing = 0;
			shellPath = /bin/sh;
			shellScript = "diff \"${PODS_PODFILE_DIR_PATH}/Podfile.lock\" \"${PODS_ROOT}/Manifest.lock\" > /dev/null\nif [ $? != 0 ] ; then\n    # print error to STDERR\n    echo \"error: The sandbox is not in sync with the Podfile.lock. Run 'pod install' or update your CocoaPods installation.\" >&2\n    exit 1\nfi\n";
			showEnvVarsInLog = 0;
		};
/* End PBXShellScriptBuildPhase section */

/* Begin PBXSourcesBuildPhase section */
		D1A73B551F04AD6700F3E753 /* Sources */ = {
			isa = PBXSourcesBuildPhase;
			buildActionMask = 2147483647;
			files = (
				D1E650121F16C877000326EC /* CircleView.swift in Sources */,
				D1A73B971F04C81D00F3E753 /* FancyField.swift in Sources */,
				D1A73B5F1F04AD6700F3E753 /* SignInVC.swift in Sources */,
				D1E650191F1F9A9D000326EC /* Post.swift in Sources */,
				D1A73B991F04C94A00F3E753 /* FancyButotn.swift in Sources */,
				D1A73B951F04C63500F3E753 /* RoundButton.swift in Sources */,
				D1E650171F1EF4CA000326EC /* DataService.swift in Sources */,
				D1E650101F155A57000326EC /* FeedVC.swift in Sources */,
				D1A73B5D1F04AD6700F3E753 /* AppDelegate.swift in Sources */,
				D1A73B901F04C39D00F3E753 /* FancyView.swift in Sources */,
				D1A73B931F04C42900F3E753 /* Constants.swift in Sources */,
				D1E650141F1D66EB000326EC /* PostCell.swift in Sources */,
			);
			runOnlyForDeploymentPostprocessing = 0;
		};
		D1A73B691F04AD6700F3E753 /* Sources */ = {
			isa = PBXSourcesBuildPhase;
			buildActionMask = 2147483647;
			files = (
				D1A73B721F04AD6700F3E753 /* moza_readyTests.swift in Sources */,
			);
			runOnlyForDeploymentPostprocessing = 0;
		};
		D1A73B741F04AD6700F3E753 /* Sources */ = {
			isa = PBXSourcesBuildPhase;
			buildActionMask = 2147483647;
			files = (
				D1A73B7D1F04AD6700F3E753 /* moza_readyUITests.swift in Sources */,
			);
			runOnlyForDeploymentPostprocessing = 0;
		};
/* End PBXSourcesBuildPhase section */

/* Begin PBXTargetDependency section */
		D1A73B6F1F04AD6700F3E753 /* PBXTargetDependency */ = {
			isa = PBXTargetDependency;
			target = D1A73B581F04AD6700F3E753 /* moza-ready */;
			targetProxy = D1A73B6E1F04AD6700F3E753 /* PBXContainerItemProxy */;
		};
		D1A73B7A1F04AD6700F3E753 /* PBXTargetDependency */ = {
			isa = PBXTargetDependency;
			target = D1A73B581F04AD6700F3E753 /* moza-ready */;
			targetProxy = D1A73B791F04AD6700F3E753 /* PBXContainerItemProxy */;
		};
/* End PBXTargetDependency section */

/* Begin PBXVariantGroup section */
		D1A73B601F04AD6700F3E753 /* Main.storyboard */ = {
			isa = PBXVariantGroup;
			children = (
				D1A73B611F04AD6700F3E753 /* Base */,
			);
			name = Main.storyboard;
			sourceTree = "<group>";
		};
		D1A73B651F04AD6700F3E753 /* LaunchScreen.storyboard */ = {
			isa = PBXVariantGroup;
			children = (
				D1A73B661F04AD6700F3E753 /* Base */,
			);
			name = LaunchScreen.storyboard;
			sourceTree = "<group>";
		};
/* End PBXVariantGroup section */

/* Begin XCBuildConfiguration section */
		D1A73B7F1F04AD6700F3E753 /* Debug */ = {
			isa = XCBuildConfiguration;
			buildSettings = {
				ALWAYS_SEARCH_USER_PATHS = NO;
				CLANG_ANALYZER_NONNULL = YES;
				CLANG_ANALYZER_NUMBER_OBJECT_CONVERSION = YES_AGGRESSIVE;
				CLANG_CXX_LANGUAGE_STANDARD = "gnu++0x";
				CLANG_CXX_LIBRARY = "libc++";
				CLANG_ENABLE_MODULES = YES;
				CLANG_ENABLE_OBJC_ARC = YES;
				CLANG_WARN_BOOL_CONVERSION = YES;
				CLANG_WARN_CONSTANT_CONVERSION = YES;
				CLANG_WARN_DIRECT_OBJC_ISA_USAGE = YES_ERROR;
				CLANG_WARN_DOCUMENTATION_COMMENTS = YES;
				CLANG_WARN_EMPTY_BODY = YES;
				CLANG_WARN_ENUM_CONVERSION = YES;
				CLANG_WARN_INFINITE_RECURSION = YES;
				CLANG_WARN_INT_CONVERSION = YES;
				CLANG_WARN_OBJC_ROOT_CLASS = YES_ERROR;
				CLANG_WARN_SUSPICIOUS_MOVE = YES;
				CLANG_WARN_UNREACHABLE_CODE = YES;
				CLANG_WARN__DUPLICATE_METHOD_MATCH = YES;
				"CODE_SIGN_IDENTITY[sdk=iphoneos*]" = "iPhone Developer";
				COPY_PHASE_STRIP = NO;
				DEBUG_INFORMATION_FORMAT = dwarf;
				ENABLE_STRICT_OBJC_MSGSEND = YES;
				ENABLE_TESTABILITY = YES;
				GCC_C_LANGUAGE_STANDARD = gnu99;
				GCC_DYNAMIC_NO_PIC = NO;
				GCC_NO_COMMON_BLOCKS = YES;
				GCC_OPTIMIZATION_LEVEL = 0;
				GCC_PREPROCESSOR_DEFINITIONS = (
					"DEBUG=1",
					"$(inherited)",
				);
				GCC_WARN_64_TO_32_BIT_CONVERSION = YES;
				GCC_WARN_ABOUT_RETURN_TYPE = YES_ERROR;
				GCC_WARN_UNDECLARED_SELECTOR = YES;
				GCC_WARN_UNINITIALIZED_AUTOS = YES_AGGRESSIVE;
				GCC_WARN_UNUSED_FUNCTION = YES;
				GCC_WARN_UNUSED_VARIABLE = YES;
				IPHONEOS_DEPLOYMENT_TARGET = 10.3;
				MTL_ENABLE_DEBUG_INFO = YES;
				ONLY_ACTIVE_ARCH = YES;
				SDKROOT = iphoneos;
				SWIFT_ACTIVE_COMPILATION_CONDITIONS = DEBUG;
				SWIFT_OPTIMIZATION_LEVEL = "-Onone";
				TARGETED_DEVICE_FAMILY = "1,2";
			};
			name = Debug;
		};
		D1A73B801F04AD6700F3E753 /* Release */ = {
			isa = XCBuildConfiguration;
			buildSettings = {
				ALWAYS_SEARCH_USER_PATHS = NO;
				CLANG_ANALYZER_NONNULL = YES;
				CLANG_ANALYZER_NUMBER_OBJECT_CONVERSION = YES_AGGRESSIVE;
				CLANG_CXX_LANGUAGE_STANDARD = "gnu++0x";
				CLANG_CXX_LIBRARY = "libc++";
				CLANG_ENABLE_MODULES = YES;
				CLANG_ENABLE_OBJC_ARC = YES;
				CLANG_WARN_BOOL_CONVERSION = YES;
				CLANG_WARN_CONSTANT_CONVERSION = YES;
				CLANG_WARN_DIRECT_OBJC_ISA_USAGE = YES_ERROR;
				CLANG_WARN_DOCUMENTATION_COMMENTS = YES;
				CLANG_WARN_EMPTY_BODY = YES;
				CLANG_WARN_ENUM_CONVERSION = YES;
				CLANG_WARN_INFINITE_RECURSION = YES;
				CLANG_WARN_INT_CONVERSION = YES;
				CLANG_WARN_OBJC_ROOT_CLASS = YES_ERROR;
				CLANG_WARN_SUSPICIOUS_MOVE = YES;
				CLANG_WARN_UNREACHABLE_CODE = YES;
				CLANG_WARN__DUPLICATE_METHOD_MATCH = YES;
				"CODE_SIGN_IDENTITY[sdk=iphoneos*]" = "iPhone Developer";
				COPY_PHASE_STRIP = NO;
				DEBUG_INFORMATION_FORMAT = "dwarf-with-dsym";
				ENABLE_NS_ASSERTIONS = NO;
				ENABLE_STRICT_OBJC_MSGSEND = YES;
				GCC_C_LANGUAGE_STANDARD = gnu99;
				GCC_NO_COMMON_BLOCKS = YES;
				GCC_WARN_64_TO_32_BIT_CONVERSION = YES;
				GCC_WARN_ABOUT_RETURN_TYPE = YES_ERROR;
				GCC_WARN_UNDECLARED_SELECTOR = YES;
				GCC_WARN_UNINITIALIZED_AUTOS = YES_AGGRESSIVE;
				GCC_WARN_UNUSED_FUNCTION = YES;
				GCC_WARN_UNUSED_VARIABLE = YES;
				IPHONEOS_DEPLOYMENT_TARGET = 10.3;
				MTL_ENABLE_DEBUG_INFO = NO;
				SDKROOT = iphoneos;
				SWIFT_OPTIMIZATION_LEVEL = "-Owholemodule";
				TARGETED_DEVICE_FAMILY = "1,2";
				VALIDATE_PRODUCT = YES;
			};
			name = Release;
		};
		D1A73B821F04AD6700F3E753 /* Debug */ = {
			isa = XCBuildConfiguration;
			baseConfigurationReference = 88019248CB1E1FA21719EABD /* Pods-moza-ready.debug.xcconfig */;
			buildSettings = {
				ASSETCATALOG_COMPILER_APPICON_NAME = AppIcon;
				DEVELOPMENT_TEAM = U5WWPD59YL;
				INFOPLIST_FILE = "moza-ready/Info.plist";
				LD_RUNPATH_SEARCH_PATHS = "$(inherited) @executable_path/Frameworks";
				PRODUCT_BUNDLE_IDENTIFIER = "moza.moza-ready";
				PRODUCT_NAME = "$(TARGET_NAME)";
				SWIFT_VERSION = 3.0;
			};
			name = Debug;
		};
		D1A73B831F04AD6700F3E753 /* Release */ = {
			isa = XCBuildConfiguration;
			baseConfigurationReference = 7594CD02AC0AB4E0A43DDFA3 /* Pods-moza-ready.release.xcconfig */;
			buildSettings = {
				ASSETCATALOG_COMPILER_APPICON_NAME = AppIcon;
				DEVELOPMENT_TEAM = U5WWPD59YL;
				INFOPLIST_FILE = "moza-ready/Info.plist";
				LD_RUNPATH_SEARCH_PATHS = "$(inherited) @executable_path/Frameworks";
				PRODUCT_BUNDLE_IDENTIFIER = "moza.moza-ready";
				PRODUCT_NAME = "$(TARGET_NAME)";
				SWIFT_VERSION = 3.0;
			};
			name = Release;
		};
		D1A73B851F04AD6700F3E753 /* Debug */ = {
			isa = XCBuildConfiguration;
			baseConfigurationReference = 94F7F0B5491D8340DACF6FAB /* Pods-moza-readyTests.debug.xcconfig */;
			buildSettings = {
				ALWAYS_EMBED_SWIFT_STANDARD_LIBRARIES = YES;
				BUNDLE_LOADER = "$(TEST_HOST)";
				DEVELOPMENT_TEAM = U5WWPD59YL;
				INFOPLIST_FILE = "moza-readyTests/Info.plist";
				LD_RUNPATH_SEARCH_PATHS = "$(inherited) @executable_path/Frameworks @loader_path/Frameworks";
				PRODUCT_BUNDLE_IDENTIFIER = "moza.moza-readyTests";
				PRODUCT_NAME = "$(TARGET_NAME)";
				SWIFT_VERSION = 3.0;
				TEST_HOST = "$(BUILT_PRODUCTS_DIR)/moza-ready.app/moza-ready";
			};
			name = Debug;
		};
		D1A73B861F04AD6700F3E753 /* Release */ = {
			isa = XCBuildConfiguration;
			baseConfigurationReference = DA0881498EACED107704E932 /* Pods-moza-readyTests.release.xcconfig */;
			buildSettings = {
				ALWAYS_EMBED_SWIFT_STANDARD_LIBRARIES = YES;
				BUNDLE_LOADER = "$(TEST_HOST)";
				DEVELOPMENT_TEAM = U5WWPD59YL;
				INFOPLIST_FILE = "moza-readyTests/Info.plist";
				LD_RUNPATH_SEARCH_PATHS = "$(inherited) @executable_path/Frameworks @loader_path/Frameworks";
				PRODUCT_BUNDLE_IDENTIFIER = "moza.moza-readyTests";
				PRODUCT_NAME = "$(TARGET_NAME)";
				SWIFT_VERSION = 3.0;
				TEST_HOST = "$(BUILT_PRODUCTS_DIR)/moza-ready.app/moza-ready";
			};
			name = Release;
		};
		D1A73B881F04AD6700F3E753 /* Debug */ = {
			isa = XCBuildConfiguration;
			baseConfigurationReference = CA5C3AF744AEA614D9974429 /* Pods-moza-readyUITests.debug.xcconfig */;
			buildSettings = {
				ALWAYS_EMBED_SWIFT_STANDARD_LIBRARIES = YES;
				DEVELOPMENT_TEAM = U5WWPD59YL;
				INFOPLIST_FILE = "moza-readyUITests/Info.plist";
				LD_RUNPATH_SEARCH_PATHS = "$(inherited) @executable_path/Frameworks @loader_path/Frameworks";
				PRODUCT_BUNDLE_IDENTIFIER = "moza.moza-readyUITests";
				PRODUCT_NAME = "$(TARGET_NAME)";
				SWIFT_VERSION = 3.0;
				TEST_TARGET_NAME = "moza-ready";
			};
			name = Debug;
		};
		D1A73B891F04AD6700F3E753 /* Release */ = {
			isa = XCBuildConfiguration;
			baseConfigurationReference = 5C3F1992421FA04F585366A7 /* Pods-moza-readyUITests.release.xcconfig */;
			buildSettings = {
				ALWAYS_EMBED_SWIFT_STANDARD_LIBRARIES = YES;
				DEVELOPMENT_TEAM = U5WWPD59YL;
				INFOPLIST_FILE = "moza-readyUITests/Info.plist";
				LD_RUNPATH_SEARCH_PATHS = "$(inherited) @executable_path/Frameworks @loader_path/Frameworks";
				PRODUCT_BUNDLE_IDENTIFIER = "moza.moza-readyUITests";
				PRODUCT_NAME = "$(TARGET_NAME)";
				SWIFT_VERSION = 3.0;
				TEST_TARGET_NAME = "moza-ready";
			};
			name = Release;
		};
/* End XCBuildConfiguration section */

/* Begin XCConfigurationList section */
		D1A73B541F04AD6700F3E753 /* Build configuration list for PBXProject "moza-ready" */ = {
			isa = XCConfigurationList;
			buildConfigurations = (
				D1A73B7F1F04AD6700F3E753 /* Debug */,
				D1A73B801F04AD6700F3E753 /* Release */,
			);
			defaultConfigurationIsVisible = 0;
			defaultConfigurationName = Release;
		};
		D1A73B811F04AD6700F3E753 /* Build configuration list for PBXNativeTarget "moza-ready" */ = {
			isa = XCConfigurationList;
			buildConfigurations = (
				D1A73B821F04AD6700F3E753 /* Debug */,
				D1A73B831F04AD6700F3E753 /* Release */,
			);
			defaultConfigurationIsVisible = 0;
			defaultConfigurationName = Release;
		};
		D1A73B841F04AD6700F3E753 /* Build configuration list for PBXNativeTarget "moza-readyTests" */ = {
			isa = XCConfigurationList;
			buildConfigurations = (
				D1A73B851F04AD6700F3E753 /* Debug */,
				D1A73B861F04AD6700F3E753 /* Release */,
			);
			defaultConfigurationIsVisible = 0;
			defaultConfigurationName = Release;
		};
		D1A73B871F04AD6700F3E753 /* Build configuration list for PBXNativeTarget "moza-readyUITests" */ = {
			isa = XCConfigurationList;
			buildConfigurations = (
				D1A73B881F04AD6700F3E753 /* Debug */,
				D1A73B891F04AD6700F3E753 /* Release */,
			);
			defaultConfigurationIsVisible = 0;
			defaultConfigurationName = Release;
		};
/* End XCConfigurationList section */
	};
	rootObject = D1A73B511F04AD6700F3E753 /* Project object */;
}
